
Microsoft Visual Studio Solution File, Format Version 12.00
# Visual Studio 15
VisualStudioVersion = 15.0.28307.1972
MinimumVisualStudioVersion = 10.0.40219.1
Project("{8BC9CEB8-8B4A-11D0-8D11-00A0C91BC942}") = "CICD_test", "CICD_test\CICD_test.vcxproj", "{1E091016-2DC2-4078-9E08-F3E90C8DDC7F}"
EndProject
Global
	GlobalSection(SolutionConfigurationPlatforms) = preSolution
		Debug|x64 = Debug|x64
		Debug|x86 = Debug|x86
		Release|x64 = Release|x64
		Release|x86 = Release|x86
	EndGlobalSection
	GlobalSection(ProjectConfigurationPlatforms) = postSolution
		{1E091016-2DC2-4078-9E08-F3E90C8DDC7F}.Debug|x64.ActiveCfg = Debug|x64
		{1E091016-2DC2-4078-9E08-F3E90C8DDC7F}.Debug|x64.Build.0 = Debug|x64
		{1E091016-2DC2-4078-9E08-F3E90C8DDC7F}.Debug|x86.ActiveCfg = Debug|Win32
		{1E091016-2DC2-4078-9E08-F3E90C8DDC7F}.Debug|x86.Build.0 = Debug|Win32
		{1E091016-2DC2-4078-9E08-F3E90C8DDC7F}.Release|x64.ActiveCfg = Release|x64
		{1E091016-2DC2-4078-9E08-F3E90C8DDC7F}.Release|x64.Build.0 = Release|x64
		{1E091016-2DC2-4078-9E08-F3E90C8DDC7F}.Release|x86.ActiveCfg = Release|Win32
		{1E091016-2DC2-4078-9E08-F3E90C8DDC7F}.Release|x86.Build.0 = Release|Win32
	EndGlobalSection
	GlobalSection(SolutionProperties) = preSolution
		HideSolutionNode = FALSE
	EndGlobalSection
	GlobalSection(ExtensibilityGlobals) = postSolution
		SolutionGuid = {4AE5E759-65B2-45E5-8F8B-4DD782BCBEEC}
	EndGlobalSection
EndGlobal
